{
  "name": "tasklist-glsp-client",
  "version": "2.2.1",
  "lockfileVersion": 3,
  "requires": true,
  "packages": {
    "": {
      "name": "tasklist-glsp-client",
      "version": "2.2.1",
      "license": "(EPL-2.0 OR GPL-2.0 WITH Classpath-exception-2.0 OR MIT)",
      "dependencies": {
        "@eclipse-glsp/client": "2.2.1",
        "balloon-css": "^0.5.0"
      },
      "devDependencies": {
        "rimraf": "^2.6.1"
      }
    },
    "node_modules/@eclipse-glsp/client": {
      "version": "2.2.1",
      "resolved": "https://registry.npmjs.org/@eclipse-glsp/client/-/client-2.2.1.tgz",
      "integrity": "sha512-TsWSOCc/tcANwuOcgP3lPlsBL4eyFB2z74nvefslRdk3iZd+CqQjWXns6Ge3AAw6Kj3vqyhXYunJx6domSJHDQ==",
      "license": "(EPL-2.0 OR GPL-2.0 WITH Classpath-exception-2.0)",
      "dependencies": {
        "@eclipse-glsp/sprotty": "2.2.1",
        "autocompleter": "^9.1.2",
        "file-saver": "^2.0.5",
        "lodash": "4.17.21",
        "snabbdom": "~3.5.1",
        "vscode-jsonrpc": "8.2.0"
      },
      "peerDependencies": {
        "inversify": "~6.0.2"
      }
    },
    "node_modules/@eclipse-glsp/protocol": {
      "version": "2.2.1",
      "resolved": "https://registry.npmjs.org/@eclipse-glsp/protocol/-/protocol-2.2.1.tgz",
      "integrity": "sha512-v0u9Izx5zn50beC9qJXSNlkoYDLaZ8z4+IT0c4jll6U4PG+unZbGWVWhC+mED7rY+BaA0oT683bxIB8yRhfIJA==",
      "license": "(EPL-2.0 OR GPL-2.0 WITH Classpath-exception-2.0)",
      "dependencies": {
        "sprotty-protocol": "1.2.0",
        "uuid": "~10.0.0",
        "vscode-jsonrpc": "8.2.0"
      },
      "peerDependencies": {
        "inversify": "~6.0.2"
      }
    },
    "node_modules/@eclipse-glsp/sprotty": {
      "version": "2.2.1",
      "resolved": "https://registry.npmjs.org/@eclipse-glsp/sprotty/-/sprotty-2.2.1.tgz",
      "integrity": "sha512-k6DbqblORD5WUQMuotSJ9MpuyIccUsKpEUeNkgG7wUJUX94TSjROYEWY3pI3dvF/ipzFplITZvXbL77z7Z+Uwg==",
      "license": "(EPL-2.0 OR GPL-2.0 WITH Classpath-exception-2.0)",
      "dependencies": {
        "@eclipse-glsp/protocol": "2.2.1",
        "autocompleter": "^9.1.0",
        "snabbdom": "~3.5.1",
        "sprotty": "1.2.0",
        "sprotty-protocol": "1.2.0",
        "vscode-jsonrpc": "8.2.0"
      },
      "peerDependencies": {
        "inversify": "~6.0.2"
      }
    },
    "node_modules/autocompleter": {
      "version": "9.3.2",
      "resolved": "https://registry.npmjs.org/autocompleter/-/autocompleter-9.3.2.tgz",
      "integrity": "sha512-rLbf2TLGOD7y+gOS36ksrZdIsvoHa2KXc2A7503w+NBRPrcF73zzFeYBxEcV/iMPjaBH3jFhNIYObZ7zt1fkCQ==",
      "license": "MIT"
    },
    "node_modules/balanced-match": {
      "version": "1.0.2",
      "resolved": "https://registry.npmjs.org/balanced-match/-/balanced-match-1.0.2.tgz",
      "integrity": "sha512-3oSeUO0TMV67hN1AmbXsK4yaqU7tjiHlbxRDZOpH0KW9+CeX4bRAaX0Anxt0tx2MrpRpWwQaPwIlISEJhYU5Pw==",
      "dev": true,
      "license": "MIT"
    },
    "node_modules/balloon-css": {
      "version": "0.5.2",
      "resolved": "https://registry.npmjs.org/balloon-css/-/balloon-css-0.5.2.tgz",
      "integrity": "sha512-zheJpzwyNrG4t39vusA67v3BYg1HTVXOF8cErPEHzWK88PEOFwgo6Ea9VHOgOWNMgeuOtFVtB73NE2NWl9uDyQ==",
      "license": "MIT"
    },
    "node_modules/brace-expansion": {
      "version": "1.1.11",
      "resolved": "https://registry.npmjs.org/brace-expansion/-/brace-expansion-1.1.11.tgz",
      "integrity": "sha512-iCuPHDFgrHX7H2vEI/5xpz07zSHB00TpugqhmYtVmMO6518mCuRMoOYFldEBl0g187ufozdaHgWKcYFb61qGiA==",
      "dev": true,
      "license": "MIT",
      "dependencies": {
        "balanced-match": "^1.0.0",
        "concat-map": "0.0.1"
      }
    },
    "node_modules/concat-map": {
      "version": "0.0.1",
      "resolved": "https://registry.npmjs.org/concat-map/-/concat-map-0.0.1.tgz",
      "integrity": "sha512-/Srv4dswyQNBfohGpz9o6Yb3Gz3SrUDqBH5rTuhGR7ahtlbYKnVxw2bCFMRljaA7EXHaXZ8wsHdodFvbkhKmqg==",
      "dev": true,
      "license": "MIT"
    },
    "node_modules/file-saver": {
      "version": "2.0.5",
      "resolved": "https://registry.npmjs.org/file-saver/-/file-saver-2.0.5.tgz",
      "integrity": "sha512-P9bmyZ3h/PRG+Nzga+rbdI4OEpNDzAVyy74uVO9ATgzLK6VtAsYybF/+TOCvrc0MO793d6+42lLyZTw7/ArVzA==",
      "license": "MIT"
    },
    "node_modules/fs.realpath": {
      "version": "1.0.0",
      "resolved": "https://registry.npmjs.org/fs.realpath/-/fs.realpath-1.0.0.tgz",
      "integrity": "sha512-OO0pH2lK6a0hZnAdau5ItzHPI6pUlvI7jMVnxUQRtw4owF2wk8lOSabtGDCTP4Ggrg2MbGnWO9X8K1t4+fGMDw==",
      "dev": true,
      "license": "ISC"
    },
    "node_modules/glob": {
      "version": "7.2.3",
      "resolved": "https://registry.npmjs.org/glob/-/glob-7.2.3.tgz",
      "integrity": "sha512-nFR0zLpU2YCaRxwoCJvL6UvCH2JFyFVIvwTLsIf21AuHlMskA1hhTdk+LlYJtOlYt9v6dvszD2BGRqBL+iQK9Q==",
      "deprecated": "Glob versions prior to v9 are no longer supported",
      "dev": true,
      "license": "ISC",
      "dependencies": {
        "fs.realpath": "^1.0.0",
        "inflight": "^1.0.4",
        "inherits": "2",
        "minimatch": "^3.1.1",
        "once": "^1.3.0",
        "path-is-absolute": "^1.0.0"
      },
      "engines": {
        "node": "*"
      },
      "funding": {
        "url": "https://github.com/sponsors/isaacs"
      }
    },
    "node_modules/inflight": {
      "version": "1.0.6",
      "resolved": "https://registry.npmjs.org/inflight/-/inflight-1.0.6.tgz",
      "integrity": "sha512-k92I/b08q4wvFscXCLvqfsHCrjrF7yiXsQuIVvVE7N82W3+aqpzuUdBbfhWcy/FZR3/4IgflMgKLOsvPDrGCJA==",
      "deprecated": "This module is not supported, and leaks memory. Do not use it. Check out lru-cache if you want a good and tested way to coalesce async requests by a key value, which is much more comprehensive and powerful.",
      "dev": true,
      "license": "ISC",
      "dependencies": {
        "once": "^1.3.0",
        "wrappy": "1"
      }
    },
    "node_modules/inherits": {
      "version": "2.0.4",
      "resolved": "https://registry.npmjs.org/inherits/-/inherits-2.0.4.tgz",
      "integrity": "sha512-k/vGaX4/Yla3WzyMCvTQOXYeIHvqOKtnqBduzTHpzpQZzAskKMhZ2K+EnBiSM9zGSoIFeMpXKxa4dYeZIQqewQ==",
      "dev": true,
      "license": "ISC"
    },
    "node_modules/inversify": {
      "version": "6.0.3",
      "resolved": "https://registry.npmjs.org/inversify/-/inversify-6.0.3.tgz",
      "integrity": "sha512-s/svzcRQ/scaGUUyaVtFSL1dvOaRgyvE7VvpGcJwXmFz7CCzfSfxC/Uyl7iSHDEmBabJ2gbDES72DaygtMmwvg==",
      "license": "MIT"
    },
    "node_modules/lodash": {
      "version": "4.17.21",
      "resolved": "https://registry.npmjs.org/lodash/-/lodash-4.17.21.tgz",
      "integrity": "sha512-v2kDEe57lecTulaDIuNTPy3Ry4gLGJ6Z1O3vE1krgXZNrsQ+LFTGHVxVjcXPs17LhbZVGedAJv8XZ1tvj5FvSg==",
      "license": "MIT"
    },
    "node_modules/minimatch": {
      "version": "3.1.2",
      "resolved": "https://registry.npmjs.org/minimatch/-/minimatch-3.1.2.tgz",
      "integrity": "sha512-J7p63hRiAjw1NDEww1W7i37+ByIrOWO5XQQAzZ3VOcL0PNybwpfmV/N05zFAzwQ9USyEcX6t3UO+K5aqBQOIHw==",
      "dev": true,
      "license": "ISC",
      "dependencies": {
        "brace-expansion": "^1.1.7"
      },
      "engines": {
        "node": "*"
      }
    },
    "node_modules/once": {
      "version": "1.4.0",
      "resolved": "https://registry.npmjs.org/once/-/once-1.4.0.tgz",
      "integrity": "sha512-lNaJgI+2Q5URQBkccEKHTQOPaXdUxnZZElQTZY0MFUAuaEqe1E+Nyvgdz/aIyNi6Z9MzO5dv1H8n58/GELp3+w==",
      "dev": true,
      "license": "ISC",
      "dependencies": {
        "wrappy": "1"
      }
    },
    "node_modules/path-is-absolute": {
      "version": "1.0.1",
      "resolved": "https://registry.npmjs.org/path-is-absolute/-/path-is-absolute-1.0.1.tgz",
      "integrity": "sha512-AVbw3UJ2e9bq64vSaS9Am0fje1Pa8pbGqTTsmXfaIiMpnr5DlDhfJOuLj9Sf95ZPVDAUerDfEk88MPmPe7UCQg==",
      "dev": true,
      "license": "MIT",
      "engines": {
        "node": ">=0.10.0"
      }
    },
    "node_modules/rimraf": {
      "version": "2.7.1",
      "resolved": "https://registry.npmjs.org/rimraf/-/rimraf-2.7.1.tgz",
      "integrity": "sha512-uWjbaKIK3T1OSVptzX7Nl6PvQ3qAGtKEtVRjRuazjfL3Bx5eI409VZSqgND+4UNnmzLVdPj9FqFJNPqBZFve4w==",
      "deprecated": "Rimraf versions prior to v4 are no longer supported",
      "dev": true,
      "license": "ISC",
      "dependencies": {
        "glob": "^7.1.3"
      },
      "bin": {
        "rimraf": "bin.js"
      }
    },
    "node_modules/snabbdom": {
      "version": "3.5.1",
      "resolved": "https://registry.npmjs.org/snabbdom/-/snabbdom-3.5.1.tgz",
      "integrity": "sha512-wHMNIOjkm/YNE5EM3RCbr/+DVgPg6AqQAX1eOxO46zYNvCXjKP5Y865tqQj3EXnaMBjkxmQA5jFuDpDK/dbfiA==",
      "license": "MIT",
      "engines": {
        "node": ">=8.3.0"
      }
    },
    "node_modules/sprotty": {
      "version": "1.2.0",
      "resolved": "https://registry.npmjs.org/sprotty/-/sprotty-1.2.0.tgz",
      "integrity": "sha512-/YL1+S+pLhV+hF0Z9C4vQGuaVv9NVsDgEqRnF+vevvdbeio1w8lfGxOMKjzY7DHcVDBQoKe0kbKJXvMr3f/RsA==",
      "license": "(EPL-2.0 OR GPL-2.0 WITH Classpath-exception-2.0)",
      "dependencies": {
        "autocompleter": "^9.1.2",
        "file-saver": "^2.0.5",
        "inversify": "~6.0.2",
        "snabbdom": "~3.5.1",
        "sprotty-protocol": "^1.2.0",
        "tinyqueue": "^2.0.3"
      }
    },
    "node_modules/sprotty-protocol": {
      "version": "1.2.0",
      "resolved": "https://registry.npmjs.org/sprotty-protocol/-/sprotty-protocol-1.2.0.tgz",
      "integrity": "sha512-SHu61Qiw7bAD2nyRqdOASSihVNbeEuKI7cQx+o9EeyLpbmXKX6NTcGSVpxmWztHUIP0I6gZhKnkhF/BWo46mUQ==",
      "license": "(EPL-2.0 OR GPL-2.0 WITH Classpath-exception-2.0)"
    },
    "node_modules/tinyqueue": {
      "version": "2.0.3",
      "resolved": "https://registry.npmjs.org/tinyqueue/-/tinyqueue-2.0.3.tgz",
      "integrity": "sha512-ppJZNDuKGgxzkHihX8v9v9G5f+18gzaTfrukGrq6ueg0lmH4nqVnA2IPG0AEH3jKEk2GRJCUhDoqpoiw3PHLBA==",
      "license": "ISC"
    },
    "node_modules/uuid": {
      "version": "10.0.0",
      "resolved": "https://registry.npmjs.org/uuid/-/uuid-10.0.0.tgz",
      "integrity": "sha512-8XkAphELsDnEGrDxUOHB3RGvXz6TeuYSGEZBOjtTtPm2lwhGBjLgOzLHB63IUWfBpNucQjND6d3AOudO+H3RWQ==",
      "funding": [
        "https://github.com/sponsors/broofa",
        "https://github.com/sponsors/ctavan"
      ],
      "license": "MIT",
      "bin": {
        "uuid": "dist/bin/uuid"
      }
    },
    "node_modules/vscode-jsonrpc": {
      "version": "8.2.0",
      "resolved": "https://registry.npmjs.org/vscode-jsonrpc/-/vscode-jsonrpc-8.2.0.tgz",
      "integrity": "sha512-C+r0eKJUIfiDIfwJhria30+TYWPtuHJXHtI7J0YlOmKAo7ogxP20T0zxB7HZQIFhIyvoBPwWskjxrvAtfjyZfA==",
      "license": "MIT",
      "engines": {
        "node": ">=14.0.0"
      }
    },
    "node_modules/wrappy": {
      "version": "1.0.2",
      "resolved": "https://registry.npmjs.org/wrappy/-/wrappy-1.0.2.tgz",
      "integrity": "sha512-l4Sp/DRseor9wL6EvV2+TuQn63dMkPjZ/sp9XkghTEbV9KlPS1xUsZ3u7/IQO4wxtcFB4bgpQPRcR3QCvezPcQ==",
      "dev": true,
      "license": "ISC"
    }
  }
}
